
Microsoft Visual Studio Solution File, Format Version 12.00
Project("{FAE04EC0-301F-11D3-BF4B-00C04F79EFBC}") = "MesageOnionTest", "..\MesageOnionTest\MesageOnionTest\MesageOnionTest.csproj", "{80B4A73C-BB5D-45F9-BA87-14B0B7DF57A3}"
EndProject
Project("{FAE04EC0-301F-11D3-BF4B-00C04F79EFBC}") = "MessageOnionClient", "..\MessageOnionClient\MessageOnionClient\MessageOnionClient.csproj", "{6457F5B9-A537-437B-B960-1BF1DD8E45E8}"
EndProject
Global
	GlobalSection(SolutionConfigurationPlatforms) = preSolution
		Debug|Any CPU = Debug|Any CPU
		Release|Any CPU = Release|Any CPU
	EndGlobalSection
	GlobalSection(ProjectConfigurationPlatforms) = postSolution
		{80B4A73C-BB5D-45F9-BA87-14B0B7DF57A3}.Debug|Any CPU.ActiveCfg = Debug|Any CPU
		{80B4A73C-BB5D-45F9-BA87-14B0B7DF57A3}.Debug|Any CPU.Build.0 = Debug|Any CPU
		{80B4A73C-BB5D-45F9-BA87-14B0B7DF57A3}.Release|Any CPU.ActiveCfg = Release|Any CPU
		{80B4A73C-BB5D-45F9-BA87-14B0B7DF57A3}.Release|Any CPU.Build.0 = Release|Any CPU
		{6457F5B9-A537-437B-B960-1BF1DD8E45E8}.Debug|Any CPU.ActiveCfg = Debug|Any CPU
		{6457F5B9-A537-437B-B960-1BF1DD8E45E8}.Debug|Any CPU.Build.0 = Debug|Any CPU
		{6457F5B9-A537-437B-B960-1BF1DD8E45E8}.Release|Any CPU.ActiveCfg = Release|Any CPU
		{6457F5B9-A537-437B-B960-1BF1DD8E45E8}.Release|Any CPU.Build.0 = Release|Any CPU
	EndGlobalSection
EndGlobal
